
Microsoft Visual Studio Solution File, Format Version 12.00
# Visual Studio 2013
VisualStudioVersion = 12.0.21005.1
MinimumVisualStudioVersion = 10.0.40219.1
Project("{FAE04EC0-301F-11D3-BF4B-00C04F79EFBC}") = "CSMSWebservice", "CSMSWebservice\CSMSWebservice.csproj", "{A50C373C-C7B1-4A15-A0A5-79E1FC358271}"
EndProject
Global
	GlobalSection(SolutionConfigurationPlatforms) = preSolution
		Debug|Any CPU = Debug|Any CPU
		Release|Any CPU = Release|Any CPU
	EndGlobalSection
	GlobalSection(ProjectConfigurationPlatforms) = postSolution
		{A50C373C-C7B1-4A15-A0A5-79E1FC358271}.Debug|Any CPU.ActiveCfg = Debug|Any CPU
		{A50C373C-C7B1-4A15-A0A5-79E1FC358271}.Debug|Any CPU.Build.0 = Debug|Any CPU
		{A50C373C-C7B1-4A15-A0A5-79E1FC358271}.Release|Any CPU.ActiveCfg = Release|Any CPU
		{A50C373C-C7B1-4A15-A0A5-79E1FC358271}.Release|Any CPU.Build.0 = Release|Any CPU
	EndGlobalSection
	GlobalSection(SolutionProperties) = preSolution
		HideSolutionNode = FALSE
	EndGlobalSection
EndGlobal
